
Microsoft Visual Studio Solution File, Format Version 12.00
# Visual Studio 2013
VisualStudioVersion = 12.0.30110.0
MinimumVisualStudioVersion = 10.0.40219.1
Project("{FAE04EC0-301F-11D3-BF4B-00C04F79EFBC}") = "ConCrawler", "..\..\Git\MyCralwer\ConCrawler\ConCrawler.csproj", "{C35EDC47-4A31-4243-B942-0E125CC66882}"
EndProject
Project("{FAE04EC0-301F-11D3-BF4B-00C04F79EFBC}") = "ProxyCollector", "ProxyCollector\ProxyCollector.csproj", "{9EDD2730-96C5-4857-8662-65EB62174982}"
EndProject
Global
	GlobalSection(SolutionConfigurationPlatforms) = preSolution
		Debug|Any CPU = Debug|Any CPU
		Release|Any CPU = Release|Any CPU
	EndGlobalSection
	GlobalSection(ProjectConfigurationPlatforms) = postSolution
		{C35EDC47-4A31-4243-B942-0E125CC66882}.Debug|Any CPU.ActiveCfg = Debug|Any CPU
		{C35EDC47-4A31-4243-B942-0E125CC66882}.Debug|Any CPU.Build.0 = Debug|Any CPU
		{C35EDC47-4A31-4243-B942-0E125CC66882}.Release|Any CPU.ActiveCfg = Release|Any CPU
		{C35EDC47-4A31-4243-B942-0E125CC66882}.Release|Any CPU.Build.0 = Release|Any CPU
		{9EDD2730-96C5-4857-8662-65EB62174982}.Debug|Any CPU.ActiveCfg = Debug|Any CPU
		{9EDD2730-96C5-4857-8662-65EB62174982}.Debug|Any CPU.Build.0 = Debug|Any CPU
		{9EDD2730-96C5-4857-8662-65EB62174982}.Release|Any CPU.ActiveCfg = Release|Any CPU
		{9EDD2730-96C5-4857-8662-65EB62174982}.Release|Any CPU.Build.0 = Release|Any CPU
	EndGlobalSection
	GlobalSection(SolutionProperties) = preSolution
		HideSolutionNode = FALSE
	EndGlobalSection
EndGlobal
